
Microsoft Visual Studio Solution File, Format Version 12.00
# Visual Studio Version 17
VisualStudioVersion = 17.9.34728.123
MinimumVisualStudioVersion = 10.0.40219.1
Project("{FAE04EC0-301F-11D3-BF4B-00C04F79EFBC}") = "Exercicio_Livros_Pilha", "Exercicio_Livros_Pilha\Exercicio_Livros_Pilha.csproj", "{113796F4-E466-45ED-A9D0-9A0679FA9AB9}"
EndProject
Global
	GlobalSection(SolutionConfigurationPlatforms) = preSolution
		Debug|Any CPU = Debug|Any CPU
		Release|Any CPU = Release|Any CPU
	EndGlobalSection
	GlobalSection(ProjectConfigurationPlatforms) = postSolution
		{113796F4-E466-45ED-A9D0-9A0679FA9AB9}.Debug|Any CPU.ActiveCfg = Debug|Any CPU
		{113796F4-E466-45ED-A9D0-9A0679FA9AB9}.Debug|Any CPU.Build.0 = Debug|Any CPU
		{113796F4-E466-45ED-A9D0-9A0679FA9AB9}.Release|Any CPU.ActiveCfg = Release|Any CPU
		{113796F4-E466-45ED-A9D0-9A0679FA9AB9}.Release|Any CPU.Build.0 = Release|Any CPU
	EndGlobalSection
	GlobalSection(SolutionProperties) = preSolution
		HideSolutionNode = FALSE
	EndGlobalSection
	GlobalSection(ExtensibilityGlobals) = postSolution
		SolutionGuid = {071CC02B-D4AA-40C9-97C1-5E0A19D9CCF0}
	EndGlobalSection
EndGlobal
